
Microsoft Visual Studio Solution File, Format Version 12.00
# Visual Studio Version 18
VisualStudioVersion = 18.1.11312.151 d18.0
MinimumVisualStudioVersion = 10.0.40219.1
Project("{FAE04EC0-301F-11D3-BF4B-00C04F79EFBC}") = "VirtualRubiksCube", "VirtualRubiksCube.csproj", "{7743A907-AB01-78F1-EEFF-C6367E1B7CEF}"
EndProject
Global
	GlobalSection(SolutionConfigurationPlatforms) = preSolution
		Debug|Any CPU = Debug|Any CPU
		Release|Any CPU = Release|Any CPU
	EndGlobalSection
	GlobalSection(ProjectConfigurationPlatforms) = postSolution
		{7743A907-AB01-78F1-EEFF-C6367E1B7CEF}.Debug|Any CPU.ActiveCfg = Debug|Any CPU
		{7743A907-AB01-78F1-EEFF-C6367E1B7CEF}.Debug|Any CPU.Build.0 = Debug|Any CPU
		{7743A907-AB01-78F1-EEFF-C6367E1B7CEF}.Release|Any CPU.ActiveCfg = Release|Any CPU
		{7743A907-AB01-78F1-EEFF-C6367E1B7CEF}.Release|Any CPU.Build.0 = Release|Any CPU
	EndGlobalSection
	GlobalSection(SolutionProperties) = preSolution
		HideSolutionNode = FALSE
	EndGlobalSection
	GlobalSection(ExtensibilityGlobals) = postSolution
		SolutionGuid = {CD874D73-0064-4B67-A048-3FC63706A80B}
	EndGlobalSection
EndGlobal
