
Microsoft Visual Studio Solution File, Format Version 12.00
# Visual Studio Version 18
VisualStudioVersion = 18.1.11312.151
MinimumVisualStudioVersion = 10.0.40219.1
Project("{FAE04EC0-301F-11D3-BF4B-00C04F79EFBC}") = "VirtualRubiksCube", "VirtualRubiksCube.csproj", "{7743A907-AB01-78F1-EEFF-C6367E1B7CEF}"
EndProject
Project("{2150E333-8FDC-42A3-9474-1A3956D46DE8}") = "tests", "tests", "{0AB3BF05-4346-4AA6-1389-037BE0695223}"
EndProject
Project("{FAE04EC0-301F-11D3-BF4B-00C04F79EFBC}") = "VirtualRubiksCube.Tests", "tests\VirtualRubiksCube.Tests\VirtualRubiksCube.Tests.csproj", "{1FB73903-E0E0-436B-8380-12ED0A36DD42}"
EndProject
Global
	GlobalSection(SolutionConfigurationPlatforms) = preSolution
		Debug|Any CPU = Debug|Any CPU
		Release|Any CPU = Release|Any CPU
	EndGlobalSection
	GlobalSection(ProjectConfigurationPlatforms) = postSolution
		{7743A907-AB01-78F1-EEFF-C6367E1B7CEF}.Debug|Any CPU.ActiveCfg = Debug|Any CPU
		{7743A907-AB01-78F1-EEFF-C6367E1B7CEF}.Debug|Any CPU.Build.0 = Debug|Any CPU
		{7743A907-AB01-78F1-EEFF-C6367E1B7CEF}.Release|Any CPU.ActiveCfg = Release|Any CPU
		{7743A907-AB01-78F1-EEFF-C6367E1B7CEF}.Release|Any CPU.Build.0 = Release|Any CPU
		{1FB73903-E0E0-436B-8380-12ED0A36DD42}.Debug|Any CPU.ActiveCfg = Debug|Any CPU
		{1FB73903-E0E0-436B-8380-12ED0A36DD42}.Debug|Any CPU.Build.0 = Debug|Any CPU
		{1FB73903-E0E0-436B-8380-12ED0A36DD42}.Release|Any CPU.ActiveCfg = Release|Any CPU
		{1FB73903-E0E0-436B-8380-12ED0A36DD42}.Release|Any CPU.Build.0 = Release|Any CPU
	EndGlobalSection
	GlobalSection(SolutionProperties) = preSolution
		HideSolutionNode = FALSE
	EndGlobalSection
	GlobalSection(NestedProjects) = preSolution
		{1FB73903-E0E0-436B-8380-12ED0A36DD42} = {0AB3BF05-4346-4AA6-1389-037BE0695223}
	EndGlobalSection
	GlobalSection(ExtensibilityGlobals) = postSolution
		SolutionGuid = {CD874D73-0064-4B67-A048-3FC63706A80B}
	EndGlobalSection
EndGlobal
